// !$*UTF8*$!
{
	archiveVersion = 1;
	classes = {
	};
	objectVersion = 55;
	objects = {

/* Begin PBXBuildFile section */
		BA08716C282801B400ECB67B /* FirebaseAuth in Frameworks */ = {isa = PBXBuildFile; productRef = BA08716B282801B400ECB67B /* FirebaseAuth */; };
		BA08716E282801B400ECB67B /* FirebaseFirestore in Frameworks */ = {isa = PBXBuildFile; productRef = BA08716D282801B400ECB67B /* FirebaseFirestore */; };
		BA0871862829767400ECB67B /* MessageCell.swift in Sources */ = {isa = PBXBuildFile; fileRef = BA0871842829767400ECB67B /* MessageCell.swift */; };
		BA0871872829767400ECB67B /* MessageCell.xib in Resources */ = {isa = PBXBuildFile; fileRef = BA0871852829767400ECB67B /* MessageCell.xib */; };
		BA08718B2829849600ECB67B /* Message.swift in Sources */ = {isa = PBXBuildFile; fileRef = BA08718A2829849600ECB67B /* Message.swift */; };
		BA25CC8A28263B8E0045E95E /* AppDelegate.swift in Sources */ = {isa = PBXBuildFile; fileRef = BA25CC8928263B8E0045E95E /* AppDelegate.swift */; };
		BA25CC8C28263B8E0045E95E /* SceneDelegate.swift in Sources */ = {isa = PBXBuildFile; fileRef = BA25CC8B28263B8E0045E95E /* SceneDelegate.swift */; };
		BA25CC8E28263B8E0045E95E /* HomeViewController.swift in Sources */ = {isa = PBXBuildFile; fileRef = BA25CC8D28263B8E0045E95E /* HomeViewController.swift */; };
		BA25CC9128263B8E0045E95E /* Main.storyboard in Resources */ = {isa = PBXBuildFile; fileRef = BA25CC8F28263B8E0045E95E /* Main.storyboard */; };
		BA25CC9328263B8F0045E95E /* Assets.xcassets in Resources */ = {isa = PBXBuildFile; fileRef = BA25CC9228263B8F0045E95E /* Assets.xcassets */; };
		BA25CC9628263B8F0045E95E /* LaunchScreen.storyboard in Resources */ = {isa = PBXBuildFile; fileRef = BA25CC9428263B8F0045E95E /* LaunchScreen.storyboard */; };
		BAC61EED2827EF7C00A1AFC8 /* ChatListCell.swift in Sources */ = {isa = PBXBuildFile; fileRef = BAC61EEA2827EF7C00A1AFC8 /* ChatListCell.swift */; };
		BAC61EEE2827EF7C00A1AFC8 /* ChatViewController.swift in Sources */ = {isa = PBXBuildFile; fileRef = BAC61EEB2827EF7C00A1AFC8 /* ChatViewController.swift */; };
		BAC61EEF2827EF7C00A1AFC8 /* StoryCollectionViewCell.swift in Sources */ = {isa = PBXBuildFile; fileRef = BAC61EEC2827EF7C00A1AFC8 /* StoryCollectionViewCell.swift */; };
		BAC61EF32827F70400A1AFC8 /* GoogleService-Info.plist in Resources */ = {isa = PBXBuildFile; fileRef = BAC61EF22827F70400A1AFC8 /* GoogleService-Info.plist */; };
/* End PBXBuildFile section */

/* Begin PBXFileReference section */
		BA0871842829767400ECB67B /* MessageCell.swift */ = {isa = PBXFileReference; lastKnownFileType = sourcecode.swift; path = MessageCell.swift; sourceTree = "<group>"; };
		BA0871852829767400ECB67B /* MessageCell.xib */ = {isa = PBXFileReference; lastKnownFileType = file.xib; path = MessageCell.xib; sourceTree = "<group>"; };
		BA08718A2829849600ECB67B /* Message.swift */ = {isa = PBXFileReference; lastKnownFileType = sourcecode.swift; path = Message.swift; sourceTree = "<group>"; };
		BA25CC8628263B8E0045E95E /* WhiteHyunChat.app */ = {isa = PBXFileReference; explicitFileType = wrapper.application; includeInIndex = 0; path = WhiteHyunChat.app; sourceTree = BUILT_PRODUCTS_DIR; };
		BA25CC8928263B8E0045E95E /* AppDelegate.swift */ = {isa = PBXFileReference; lastKnownFileType = sourcecode.swift; path = AppDelegate.swift; sourceTree = "<group>"; };
		BA25CC8B28263B8E0045E95E /* SceneDelegate.swift */ = {isa = PBXFileReference; lastKnownFileType = sourcecode.swift; path = SceneDelegate.swift; sourceTree = "<group>"; };
		BA25CC8D28263B8E0045E95E /* HomeViewController.swift */ = {isa = PBXFileReference; lastKnownFileType = sourcecode.swift; path = HomeViewController.swift; sourceTree = "<group>"; };
		BA25CC9028263B8E0045E95E /* Base */ = {isa = PBXFileReference; lastKnownFileType = file.storyboard; name = Base; path = Base.lproj/Main.storyboard; sourceTree = "<group>"; };
		BA25CC9228263B8F0045E95E /* Assets.xcassets */ = {isa = PBXFileReference; lastKnownFileType = folder.assetcatalog; path = Assets.xcassets; sourceTree = "<group>"; };
		BA25CC9528263B8F0045E95E /* Base */ = {isa = PBXFileReference; lastKnownFileType = file.storyboard; name = Base; path = Base.lproj/LaunchScreen.storyboard; sourceTree = "<group>"; };
		BA25CC9728263B8F0045E95E /* Info.plist */ = {isa = PBXFileReference; lastKnownFileType = text.plist.xml; path = Info.plist; sourceTree = "<group>"; };
		BAC61EEA2827EF7C00A1AFC8 /* ChatListCell.swift */ = {isa = PBXFileReference; fileEncoding = 4; lastKnownFileType = sourcecode.swift; path = ChatListCell.swift; sourceTree = "<group>"; };
		BAC61EEB2827EF7C00A1AFC8 /* ChatViewController.swift */ = {isa = PBXFileReference; fileEncoding = 4; lastKnownFileType = sourcecode.swift; path = ChatViewController.swift; sourceTree = "<group>"; };
		BAC61EEC2827EF7C00A1AFC8 /* StoryCollectionViewCell.swift */ = {isa = PBXFileReference; fileEncoding = 4; lastKnownFileType = sourcecode.swift; path = StoryCollectionViewCell.swift; sourceTree = "<group>"; };
		BAC61EF22827F70400A1AFC8 /* GoogleService-Info.plist */ = {isa = PBXFileReference; fileEncoding = 4; lastKnownFileType = text.plist.xml; path = "GoogleService-Info.plist"; sourceTree = "<group>"; };
/* End PBXFileReference section */

/* Begin PBXFrameworksBuildPhase section */
		BA25CC8328263B8E0045E95E /* Frameworks */ = {
			isa = PBXFrameworksBuildPhase;
			buildActionMask = 2147483647;
			files = (
				BA08716C282801B400ECB67B /* FirebaseAuth in Frameworks */,
				BA08716E282801B400ECB67B /* FirebaseFirestore in Frameworks */,
			);
			runOnlyForDeploymentPostprocessing = 0;
		};
/* End PBXFrameworksBuildPhase section */

/* Begin PBXGroup section */
		BA25CC7D28263B8E0045E95E = {
			isa = PBXGroup;
			children = (
				BA25CC8828263B8E0045E95E /* WhiteHyunChat */,
				BA25CC8728263B8E0045E95E /* Products */,
			);
			sourceTree = "<group>";
		};
		BA25CC8728263B8E0045E95E /* Products */ = {
			isa = PBXGroup;
			children = (
				BA25CC8628263B8E0045E95E /* WhiteHyunChat.app */,
			);
			name = Products;
			sourceTree = "<group>";
		};
		BA25CC8828263B8E0045E95E /* WhiteHyunChat */ = {
			isa = PBXGroup;
			children = (
				BA25CC8928263B8E0045E95E /* AppDelegate.swift */,
				BA25CC8B28263B8E0045E95E /* SceneDelegate.swift */,
				BA25CC8D28263B8E0045E95E /* HomeViewController.swift */,
				BAC61EEA2827EF7C00A1AFC8 /* ChatListCell.swift */,
				BAC61EEB2827EF7C00A1AFC8 /* ChatViewController.swift */,
				BAC61EEC2827EF7C00A1AFC8 /* StoryCollectionViewCell.swift */,
				BA25CC8F28263B8E0045E95E /* Main.storyboard */,
				BA25CC9228263B8F0045E95E /* Assets.xcassets */,
				BA25CC9428263B8F0045E95E /* LaunchScreen.storyboard */,
				BA25CC9728263B8F0045E95E /* Info.plist */,
				BAC61EF22827F70400A1AFC8 /* GoogleService-Info.plist */,
				BA0871842829767400ECB67B /* MessageCell.swift */,
				BA0871852829767400ECB67B /* MessageCell.xib */,
				BA08718A2829849600ECB67B /* Message.swift */,
			);
			path = WhiteHyunChat;
			sourceTree = "<group>";
		};
/* End PBXGroup section */

/* Begin PBXNativeTarget section */
		BA25CC8528263B8E0045E95E /* WhiteHyunChat */ = {
			isa = PBXNativeTarget;
			buildConfigurationList = BA25CC9A28263B8F0045E95E /* Build configuration list for PBXNativeTarget "WhiteHyunChat" */;
			buildPhases = (
				BA25CC8228263B8E0045E95E /* Sources */,
				BA25CC8328263B8E0045E95E /* Frameworks */,
				BA25CC8428263B8E0045E95E /* Resources */,
			);
			buildRules = (
			);
			dependencies = (
			);
			name = WhiteHyunChat;
			packageProductDependencies = (
				BA08716B282801B400ECB67B /* FirebaseAuth */,
				BA08716D282801B400ECB67B /* FirebaseFirestore */,
			);
			productName = WhiteHyunChat;
			productReference = BA25CC8628263B8E0045E95E /* WhiteHyunChat.app */;
			productType = "com.apple.product-type.application";
		};
/* End PBXNativeTarget section */

/* Begin PBXProject section */
		BA25CC7E28263B8E0045E95E /* Project object */ = {
			isa = PBXProject;
			attributes = {
				BuildIndependentTargetsInParallel = 1;
				LastSwiftUpdateCheck = 1330;
				LastUpgradeCheck = 1330;
				TargetAttributes = {
					BA25CC8528263B8E0045E95E = {
						CreatedOnToolsVersion = 13.3.1;
					};
				};
			};
			buildConfigurationList = BA25CC8128263B8E0045E95E /* Build configuration list for PBXProject "WhiteHyunChat" */;
			compatibilityVersion = "Xcode 13.0";
			developmentRegion = en;
			hasScannedForEncodings = 0;
			knownRegions = (
				en,
				Base,
			);
			mainGroup = BA25CC7D28263B8E0045E95E;
			packageReferences = (
				BA08716A282801B400ECB67B /* XCRemoteSwiftPackageReference "firebase-ios-sdk" */,
			);
			productRefGroup = BA25CC8728263B8E0045E95E /* Products */;
			projectDirPath = "";
			projectRoot = "";
			targets = (
				BA25CC8528263B8E0045E95E /* WhiteHyunChat */,
			);
		};
/* End PBXProject section */

/* Begin PBXResourcesBuildPhase section */
		BA25CC8428263B8E0045E95E /* Resources */ = {
			isa = PBXResourcesBuildPhase;
			buildActionMask = 2147483647;
			files = (
				BA25CC9628263B8F0045E95E /* LaunchScreen.storyboard in Resources */,
				BAC61EF32827F70400A1AFC8 /* GoogleService-Info.plist in Resources */,
				BA0871872829767400ECB67B /* MessageCell.xib in Resources */,
				BA25CC9328263B8F0045E95E /* Assets.xcassets in Resources */,
				BA25CC9128263B8E0045E95E /* Main.storyboard in Resources */,
			);
			runOnlyForDeploymentPostprocessing = 0;
		};
/* End PBXResourcesBuildPhase section */

/* Begin PBXSourcesBuildPhase section */
		BA25CC8228263B8E0045E95E /* Sources */ = {
			isa = PBXSourcesBuildPhase;
			buildActionMask = 2147483647;
			files = (
				BA25CC8E28263B8E0045E95E /* HomeViewController.swift in Sources */,
				BAC61EED2827EF7C00A1AFC8 /* ChatListCell.swift in Sources */,
				BA25CC8A28263B8E0045E95E /* AppDelegate.swift in Sources */,
				BAC61EEE2827EF7C00A1AFC8 /* ChatViewController.swift in Sources */,
				BA0871862829767400ECB67B /* MessageCell.swift in Sources */,
				BA08718B2829849600ECB67B /* Message.swift in Sources */,
				BAC61EEF2827EF7C00A1AFC8 /* StoryCollectionViewCell.swift in Sources */,
				BA25CC8C28263B8E0045E95E /* SceneDelegate.swift in Sources */,
			);
			runOnlyForDeploymentPostprocessing = 0;
		};
/* End PBXSourcesBuildPhase section */

/* Begin PBXVariantGroup section */
		BA25CC8F28263B8E0045E95E /* Main.storyboard */ = {
			isa = PBXVariantGroup;
			children = (
				BA25CC9028263B8E0045E95E /* Base */,
			);
			name = Main.storyboard;
			sourceTree = "<group>";
		};
		BA25CC9428263B8F0045E95E /* LaunchScreen.storyboard */ = {
			isa = PBXVariantGroup;
			children = (
				BA25CC9528263B8F0045E95E /* Base */,
			);
			name = LaunchScreen.storyboard;
			sourceTree = "<group>";
		};
/* End PBXVariantGroup section */

/* Begin XCBuildConfiguration section */
		BA25CC9828263B8F0045E95E /* Debug */ = {
			isa = XCBuildConfiguration;
			buildSettings = {
				ALWAYS_SEARCH_USER_PATHS = NO;
				CLANG_ANALYZER_NONNULL = YES;
				CLANG_ANALYZER_NUMBER_OBJECT_CONVERSION = YES_AGGRESSIVE;
				CLANG_CXX_LANGUAGE_STANDARD = "gnu++17";
				CLANG_ENABLE_MODULES = YES;
				CLANG_ENABLE_OBJC_ARC = YES;
				CLANG_ENABLE_OBJC_WEAK = YES;
				CLANG_WARN_BLOCK_CAPTURE_AUTORELEASING = YES;
				CLANG_WARN_BOOL_CONVERSION = YES;
				CLANG_WARN_COMMA = YES;
				CLANG_WARN_CONSTANT_CONVERSION = YES;
				CLANG_WARN_DEPRECATED_OBJC_IMPLEMENTATIONS = YES;
				CLANG_WARN_DIRECT_OBJC_ISA_USAGE = YES_ERROR;
				CLANG_WARN_DOCUMENTATION_COMMENTS = YES;
				CLANG_WARN_EMPTY_BODY = YES;
				CLANG_WARN_ENUM_CONVERSION = YES;
				CLANG_WARN_INFINITE_RECURSION = YES;
				CLANG_WARN_INT_CONVERSION = YES;
				CLANG_WARN_NON_LITERAL_NULL_CONVERSION = YES;
				CLANG_WARN_OBJC_IMPLICIT_RETAIN_SELF = YES;
				CLANG_WARN_OBJC_LITERAL_CONVERSION = YES;
				CLANG_WARN_OBJC_ROOT_CLASS = YES_ERROR;
				CLANG_WARN_QUOTED_INCLUDE_IN_FRAMEWORK_HEADER = YES;
				CLANG_WARN_RANGE_LOOP_ANALYSIS = YES;
				CLANG_WARN_STRICT_PROTOTYPES = YES;
				CLANG_WARN_SUSPICIOUS_MOVE = YES;
				CLANG_WARN_UNGUARDED_AVAILABILITY = YES_AGGRESSIVE;
				CLANG_WARN_UNREACHABLE_CODE = YES;
				CLANG_WARN__DUPLICATE_METHOD_MATCH = YES;
				COPY_PHASE_STRIP = NO;
				DEBUG_INFORMATION_FORMAT = dwarf;
				ENABLE_STRICT_OBJC_MSGSEND = YES;
				ENABLE_TESTABILITY = YES;
				GCC_C_LANGUAGE_STANDARD = gnu11;
				GCC_DYNAMIC_NO_PIC = NO;
				GCC_NO_COMMON_BLOCKS = YES;
				GCC_OPTIMIZATION_LEVEL = 0;
				GCC_PREPROCESSOR_DEFINITIONS = (
					"DEBUG=1",
					"$(inherited)",
				);
				GCC_WARN_64_TO_32_BIT_CONVERSION = YES;
				GCC_WARN_ABOUT_RETURN_TYPE = YES_ERROR;
				GCC_WARN_UNDECLARED_SELECTOR = YES;
				GCC_WARN_UNINITIALIZED_AUTOS = YES_AGGRESSIVE;
				GCC_WARN_UNUSED_FUNCTION = YES;
				GCC_WARN_UNUSED_VARIABLE = YES;
				IPHONEOS_DEPLOYMENT_TARGET = 15.4;
				MTL_ENABLE_DEBUG_INFO = INCLUDE_SOURCE;
				MTL_FAST_MATH = YES;
				ONLY_ACTIVE_ARCH = YES;
				SDKROOT = iphoneos;
				SWIFT_ACTIVE_COMPILATION_CONDITIONS = DEBUG;
				SWIFT_OPTIMIZATION_LEVEL = "-Onone";
			};
			name = Debug;
		};
		BA25CC9928263B8F0045E95E /* Release */ = {
			isa = XCBuildConfiguration;
			buildSettings = {
				ALWAYS_SEARCH_USER_PATHS = NO;
				CLANG_ANALYZER_NONNULL = YES;
				CLANG_ANALYZER_NUMBER_OBJECT_CONVERSION = YES_AGGRESSIVE;
				CLANG_CXX_LANGUAGE_STANDARD = "gnu++17";
				CLANG_ENABLE_MODULES = YES;
				CLANG_ENABLE_OBJC_ARC = YES;
				CLANG_ENABLE_OBJC_WEAK = YES;
				CLANG_WARN_BLOCK_CAPTURE_AUTORELEASING = YES;
				CLANG_WARN_BOOL_CONVERSION = YES;
				CLANG_WARN_COMMA = YES;
				CLANG_WARN_CONSTANT_CONVERSION = YES;
				CLANG_WARN_DEPRECATED_OBJC_IMPLEMENTATIONS = YES;
				CLANG_WARN_DIRECT_OBJC_ISA_USAGE = YES_ERROR;
				CLANG_WARN_DOCUMENTATION_COMMENTS = YES;
				CLANG_WARN_EMPTY_BODY = YES;
				CLANG_WARN_ENUM_CONVERSION = YES;
				CLANG_WARN_INFINITE_RECURSION = YES;
				CLANG_WARN_INT_CONVERSION = YES;
				CLANG_WARN_NON_LITERAL_NULL_CONVERSION = YES;
				CLANG_WARN_OBJC_IMPLICIT_RETAIN_SELF = YES;
				CLANG_WARN_OBJC_LITERAL_CONVERSION = YES;
				CLANG_WARN_OBJC_ROOT_CLASS = YES_ERROR;
				CLANG_WARN_QUOTED_INCLUDE_IN_FRAMEWORK_HEADER = YES;
				CLANG_WARN_RANGE_LOOP_ANALYSIS = YES;
				CLANG_WARN_STRICT_PROTOTYPES = YES;
				CLANG_WARN_SUSPICIOUS_MOVE = YES;
				CLANG_WARN_UNGUARDED_AVAILABILITY = YES_AGGRESSIVE;
				CLANG_WARN_UNREACHABLE_CODE = YES;
				CLANG_WARN__DUPLICATE_METHOD_MATCH = YES;
				COPY_PHASE_STRIP = NO;
				DEBUG_INFORMATION_FORMAT = "dwarf-with-dsym";
				ENABLE_NS_ASSERTIONS = NO;
				ENABLE_STRICT_OBJC_MSGSEND = YES;
				GCC_C_LANGUAGE_STANDARD = gnu11;
				GCC_NO_COMMON_BLOCKS = YES;
				GCC_WARN_64_TO_32_BIT_CONVERSION = YES;
				GCC_WARN_ABOUT_RETURN_TYPE = YES_ERROR;
				GCC_WARN_UNDECLARED_SELECTOR = YES;
				GCC_WARN_UNINITIALIZED_AUTOS = YES_AGGRESSIVE;
				GCC_WARN_UNUSED_FUNCTION = YES;
				GCC_WARN_UNUSED_VARIABLE = YES;
				IPHONEOS_DEPLOYMENT_TARGET = 15.4;
				MTL_ENABLE_DEBUG_INFO = NO;
				MTL_FAST_MATH = YES;
				SDKROOT = iphoneos;
				SWIFT_COMPILATION_MODE = wholemodule;
				SWIFT_OPTIMIZATION_LEVEL = "-O";
				VALIDATE_PRODUCT = YES;
			};
			name = Release;
		};
		BA25CC9B28263B8F0045E95E /* Debug */ = {
			isa = XCBuildConfiguration;
			buildSettings = {
				ASSETCATALOG_COMPILER_APPICON_NAME = AppIcon;
				ASSETCATALOG_COMPILER_GLOBAL_ACCENT_COLOR_NAME = AccentColor;
				CODE_SIGN_STYLE = Automatic;
				CURRENT_PROJECT_VERSION = 1;
				DEVELOPMENT_TEAM = 2ZQR76M3UH;
				GENERATE_INFOPLIST_FILE = YES;
				INFOPLIST_FILE = WhiteHyunChat/Info.plist;
				INFOPLIST_KEY_UIApplicationSupportsIndirectInputEvents = YES;
				INFOPLIST_KEY_UILaunchStoryboardName = LaunchScreen;
				INFOPLIST_KEY_UIMainStoryboardFile = Main;
				INFOPLIST_KEY_UISupportedInterfaceOrientations_iPad = "UIInterfaceOrientationPortrait UIInterfaceOrientationPortraitUpsideDown UIInterfaceOrientationLandscapeLeft UIInterfaceOrientationLandscapeRight";
				INFOPLIST_KEY_UISupportedInterfaceOrientations_iPhone = "UIInterfaceOrientationPortrait UIInterfaceOrientationLandscapeLeft UIInterfaceOrientationLandscapeRight";
				LD_RUNPATH_SEARCH_PATHS = (
					"$(inherited)",
					"@executable_path/Frameworks",
				);
				MARKETING_VERSION = 1.0;
				PRODUCT_BUNDLE_IDENTIFIER = com.whitehyun.WhiteHyunChat;
				PRODUCT_NAME = "$(TARGET_NAME)";
				SWIFT_EMIT_LOC_STRINGS = YES;
				SWIFT_VERSION = 5.0;
				TARGETED_DEVICE_FAMILY = "1,2";
			};
			name = Debug;
		};
		BA25CC9C28263B8F0045E95E /* Release */ = {
			isa = XCBuildConfiguration;
			buildSettings = {
				ASSETCATALOG_COMPILER_APPICON_NAME = AppIcon;
				ASSETCATALOG_COMPILER_GLOBAL_ACCENT_COLOR_NAME = AccentColor;
				CODE_SIGN_STYLE = Automatic;
				CURRENT_PROJECT_VERSION = 1;
				DEVELOPMENT_TEAM = 2ZQR76M3UH;
				GENERATE_INFOPLIST_FILE = YES;
				INFOPLIST_FILE = WhiteHyunChat/Info.plist;
				INFOPLIST_KEY_UIApplicationSupportsIndirectInputEvents = YES;
				INFOPLIST_KEY_UILaunchStoryboardName = LaunchScreen;
				INFOPLIST_KEY_UIMainStoryboardFile = Main;
				INFOPLIST_KEY_UISupportedInterfaceOrientations_iPad = "UIInterfaceOrientationPortrait UIInterfaceOrientationPortraitUpsideDown UIInterfaceOrientationLandscapeLeft UIInterfaceOrientationLandscapeRight";
				INFOPLIST_KEY_UISupportedInterfaceOrientations_iPhone = "UIInterfaceOrientationPortrait UIInterfaceOrientationLandscapeLeft UIInterfaceOrientationLandscapeRight";
				LD_RUNPATH_SEARCH_PATHS = (
					"$(inherited)",
					"@executable_path/Frameworks",
				);
				MARKETING_VERSION = 1.0;
				PRODUCT_BUNDLE_IDENTIFIER = com.whitehyun.WhiteHyunChat;
				PRODUCT_NAME = "$(TARGET_NAME)";
				SWIFT_EMIT_LOC_STRINGS = YES;
				SWIFT_VERSION = 5.0;
				TARGETED_DEVICE_FAMILY = "1,2";
			};
			name = Release;
		};
/* End XCBuildConfiguration section */

/* Begin XCConfigurationList section */
		BA25CC8128263B8E0045E95E /* Build configuration list for PBXProject "WhiteHyunChat" */ = {
			isa = XCConfigurationList;
			buildConfigurations = (
				BA25CC9828263B8F0045E95E /* Debug */,
				BA25CC9928263B8F0045E95E /* Release */,
			);
			defaultConfigurationIsVisible = 0;
			defaultConfigurationName = Release;
		};
		BA25CC9A28263B8F0045E95E /* Build configuration list for PBXNativeTarget "WhiteHyunChat" */ = {
			isa = XCConfigurationList;
			buildConfigurations = (
				BA25CC9B28263B8F0045E95E /* Debug */,
				BA25CC9C28263B8F0045E95E /* Release */,
			);
			defaultConfigurationIsVisible = 0;
			defaultConfigurationName = Release;
		};
/* End XCConfigurationList section */

/* Begin XCRemoteSwiftPackageReference section */
		BA08716A282801B400ECB67B /* XCRemoteSwiftPackageReference "firebase-ios-sdk" */ = {
			isa = XCRemoteSwiftPackageReference;
			repositoryURL = "https://github.com/firebase/firebase-ios-sdk";
			requirement = {
				branch = master;
				kind = branch;
			};
		};
/* End XCRemoteSwiftPackageReference section */

/* Begin XCSwiftPackageProductDependency section */
		BA08716B282801B400ECB67B /* FirebaseAuth */ = {
			isa = XCSwiftPackageProductDependency;
			package = BA08716A282801B400ECB67B /* XCRemoteSwiftPackageReference "firebase-ios-sdk" */;
			productName = FirebaseAuth;
		};
		BA08716D282801B400ECB67B /* FirebaseFirestore */ = {
			isa = XCSwiftPackageProductDependency;
			package = BA08716A282801B400ECB67B /* XCRemoteSwiftPackageReference "firebase-ios-sdk" */;
			productName = FirebaseFirestore;
		};
/* End XCSwiftPackageProductDependency section */
	};
	rootObject = BA25CC7E28263B8E0045E95E /* Project object */;
}
